
Microsoft Visual Studio Solution File, Format Version 12.00
# Visual Studio Version 17
VisualStudioVersion = 17.9.34728.123
MinimumVisualStudioVersion = 10.0.40219.1
Project("{FAE04EC0-301F-11D3-BF4B-00C04F79EFBC}") = "Demo", "Demo.csproj", "{D8C4DCA2-4F8F-41E8-8305-EC5C66872A95}"
EndProject
Global
	GlobalSection(SolutionConfigurationPlatforms) = preSolution
		Debug|Any CPU = Debug|Any CPU
		Release|Any CPU = Release|Any CPU
	EndGlobalSection
	GlobalSection(ProjectConfigurationPlatforms) = postSolution
		{D8C4DCA2-4F8F-41E8-8305-EC5C66872A95}.Debug|Any CPU.ActiveCfg = Debug|Any CPU
		{D8C4DCA2-4F8F-41E8-8305-EC5C66872A95}.Debug|Any CPU.Build.0 = Debug|Any CPU
		{D8C4DCA2-4F8F-41E8-8305-EC5C66872A95}.Release|Any CPU.ActiveCfg = Release|Any CPU
		{D8C4DCA2-4F8F-41E8-8305-EC5C66872A95}.Release|Any CPU.Build.0 = Release|Any CPU
	EndGlobalSection
	GlobalSection(SolutionProperties) = preSolution
		HideSolutionNode = FALSE
	EndGlobalSection
	GlobalSection(ExtensibilityGlobals) = postSolution
		SolutionGuid = {E9AD4FF4-1AB2-44A9-A5F4-C7E4FA516528}
	EndGlobalSection
EndGlobal
